dependencies:
- name: postgresql
  repository: oci://registry-1.docker.io/bitnamicharts
  version: 16.7.18
- name: postgresql-ha
  repository: oci://registry-1.docker.io/bitnamicharts
  version: 16.0.21
- name: valkey-cluster
  repository: oci://registry-1.docker.io/bitnamicharts
  version: 3.0.17
- name: valkey
  repository: oci://registry-1.docker.io/bitnamicharts
  version: 3.0.20
digest: sha256:e1f16b15a258aae5fc616f3456cc65944a86ad23e550f1496819d6fbd50849a8
generated: "2025-07-13T00:04:14.694033908Z"
