dependencies:
- name: postgresql
  repository: oci://registry-1.docker.io/bitnamicharts
  version: 16.7.2
- name: postgresql-ha
  repository: oci://registry-1.docker.io/bitnamicharts
  version: 15.3.17
- name: valkey-cluster
  repository: oci://registry-1.docker.io/bitnamicharts
  version: 3.0.5
- name: valkey
  repository: oci://registry-1.docker.io/bitnamicharts
  version: 3.0.4
digest: sha256:683d268ea34960f752a3f96e3ed8ff6fd59d39944aee3fe24679af83ffd564d3
generated: "2025-05-10T00:07:08.035673203Z"
