dependencies:
- name: postgresql
  repository: oci://registry-1.docker.io/bitnamicharts
  version: 15.5.38
- name: postgresql-ha
  repository: oci://registry-1.docker.io/bitnamicharts
  version: 14.3.10
- name: redis-cluster
  repository: oci://registry-1.docker.io/bitnamicharts
  version: 11.2.0
- name: redis
  repository: oci://registry-1.docker.io/bitnamicharts
  version: 20.6.0
digest: sha256:ecf7f559c7291c626cbaefaa6db026f91e390bccb85bb9e5bdadcaf6ca6a119f
generated: "2024-12-19T18:52:01.0328926+01:00"
